
Microsoft Visual Studio Solution File, Format Version 12.00
# Visual Studio 14
VisualStudioVersion = 14.0.25420.1
MinimumVisualStudioVersion = 10.0.40219.1
Project("{2150E333-8FDC-42A3-9474-1A3956D46DE8}") = "00 - Basic", "00 - Basic", "{4D4420E6-A821-42F4-AF51-2825F5A615D5}"
	ProjectSection(SolutionItems) = preProject
		Basics\01 - History and Background.txt = Basics\01 - History and Background.txt
		Basics\02 - Project structure.txt = Basics\02 - Project structure.txt
		Basics\03 - Views and Layouts.txt = Basics\03 - Views and Layouts.txt
		Basics\04 - Razor.txt = Basics\04 - Razor.txt
		Basics\05 - Routings.txt = Basics\05 - Routings.txt
		Basics\06 - Beautification.txt = Basics\06 - Beautification.txt
		Basics\07 - Bundling.txt = Basics\07 - Bundling.txt
	EndProjectSection
EndProject
Project("{2150E333-8FDC-42A3-9474-1A3956D46DE8}") = "01 - Advance", "01 - Advance", "{F701EE16-AEF7-45B3-BFFB-AA56020908B6}"
EndProject
Project("{FAE04EC0-301F-11D3-BF4B-00C04F79EFBC}") = "SimpleSample", "Intro\Sample\SimpleSample\SimpleSample.csproj", "{9EEC394A-E4C6-43E5-846A-4C18646C0709}"
EndProject
Project("{2150E333-8FDC-42A3-9474-1A3956D46DE8}") = "Samples", "Samples", "{A5638C80-0037-4F7B-95A6-415057FD9923}"
EndProject
Project("{FAE04EC0-301F-11D3-BF4B-00C04F79EFBC}") = "MakingItPretty", "Intro\Sample\MakingItPretty\MakingItPretty.csproj", "{8DFA6296-5373-4B8B-AE56-03FB8C5C3AC9}"
EndProject
Global
	GlobalSection(SolutionConfigurationPlatforms) = preSolution
		Debug|Any CPU = Debug|Any CPU
		Release|Any CPU = Release|Any CPU
	EndGlobalSection
	GlobalSection(ProjectConfigurationPlatforms) = postSolution
		{9EEC394A-E4C6-43E5-846A-4C18646C0709}.Debug|Any CPU.ActiveCfg = Debug|Any CPU
		{9EEC394A-E4C6-43E5-846A-4C18646C0709}.Debug|Any CPU.Build.0 = Debug|Any CPU
		{9EEC394A-E4C6-43E5-846A-4C18646C0709}.Release|Any CPU.ActiveCfg = Release|Any CPU
		{9EEC394A-E4C6-43E5-846A-4C18646C0709}.Release|Any CPU.Build.0 = Release|Any CPU
		{8DFA6296-5373-4B8B-AE56-03FB8C5C3AC9}.Debug|Any CPU.ActiveCfg = Debug|Any CPU
		{8DFA6296-5373-4B8B-AE56-03FB8C5C3AC9}.Debug|Any CPU.Build.0 = Debug|Any CPU
		{8DFA6296-5373-4B8B-AE56-03FB8C5C3AC9}.Release|Any CPU.ActiveCfg = Release|Any CPU
		{8DFA6296-5373-4B8B-AE56-03FB8C5C3AC9}.Release|Any CPU.Build.0 = Release|Any CPU
	EndGlobalSection
	GlobalSection(SolutionProperties) = preSolution
		HideSolutionNode = FALSE
	EndGlobalSection
	GlobalSection(NestedProjects) = preSolution
		{9EEC394A-E4C6-43E5-846A-4C18646C0709} = {A5638C80-0037-4F7B-95A6-415057FD9923}
		{A5638C80-0037-4F7B-95A6-415057FD9923} = {4D4420E6-A821-42F4-AF51-2825F5A615D5}
		{8DFA6296-5373-4B8B-AE56-03FB8C5C3AC9} = {A5638C80-0037-4F7B-95A6-415057FD9923}
	EndGlobalSection
EndGlobal
