
Microsoft Visual Studio Solution File, Format Version 12.00
# Visual Studio 14
VisualStudioVersion = 14.0.25123.0
MinimumVisualStudioVersion = 10.0.40219.1
Project("{2150E333-8FDC-42A3-9474-1A3956D46DE8}") = "00 - Basic", "00 - Basic", "{4D4420E6-A821-42F4-AF51-2825F5A615D5}"
EndProject
Project("{2150E333-8FDC-42A3-9474-1A3956D46DE8}") = "01 - Advance", "01 - Advance", "{F701EE16-AEF7-45B3-BFFB-AA56020908B6}"
EndProject
Project("{2150E333-8FDC-42A3-9474-1A3956D46DE8}") = "01 - Intro", "01 - Intro", "{5738B022-1BC4-4A84-BABC-C17942793FBC}"
EndProject
Project("{2150E333-8FDC-42A3-9474-1A3956D46DE8}") = "02 - Project structure", "02 - Project structure", "{960345E9-0054-4B31-AB76-CBA356BEBD67}"
EndProject
Project("{2150E333-8FDC-42A3-9474-1A3956D46DE8}") = "03 - Views and Layouts", "03 - Views and Layouts", "{77860585-F2DD-48D2-8697-BA5FD3EF4686}"
EndProject
Project("{2150E333-8FDC-42A3-9474-1A3956D46DE8}") = "04 - Razor", "04 - Razor", "{F9E9018D-A0BC-43E3-9A0A-4767A722FEDE}"
EndProject
Project("{2150E333-8FDC-42A3-9474-1A3956D46DE8}") = "05 - Routings", "05 - Routings", "{BC2D8302-F437-4334-9F4C-955E1688A528}"
EndProject
Global
	GlobalSection(SolutionProperties) = preSolution
		HideSolutionNode = FALSE
	EndGlobalSection
	GlobalSection(NestedProjects) = preSolution
		{5738B022-1BC4-4A84-BABC-C17942793FBC} = {4D4420E6-A821-42F4-AF51-2825F5A615D5}
		{960345E9-0054-4B31-AB76-CBA356BEBD67} = {4D4420E6-A821-42F4-AF51-2825F5A615D5}
		{77860585-F2DD-48D2-8697-BA5FD3EF4686} = {4D4420E6-A821-42F4-AF51-2825F5A615D5}
		{F9E9018D-A0BC-43E3-9A0A-4767A722FEDE} = {4D4420E6-A821-42F4-AF51-2825F5A615D5}
		{BC2D8302-F437-4334-9F4C-955E1688A528} = {4D4420E6-A821-42F4-AF51-2825F5A615D5}
	EndGlobalSection
EndGlobal
